// !$*UTF8*$!
{
	archiveVersion = 1;
	classes = {
	};
	objectVersion = 46;
	objects = {

/* Begin PBXBuildFile section */
		8392007A18EE8E3300B6C429 /* GLKit.framework in Frameworks */ = {isa = PBXBuildFile; fileRef = 8392007918EE8E3300B6C429 /* GLKit.framework */; };
		B71F5911188484E7003F4D28 /* iPad-old.png in Resources */ = {isa = PBXBuildFile; fileRef = B71F5907188484E7003F4D28 /* iPad-old.png */; };
		B71F5912188484E7003F4D28 /* iPad-old@2x.png in Resources */ = {isa = PBXBuildFile; fileRef = B71F5908188484E7003F4D28 /* iPad-old@2x.png */; };
		B71F5913188484E7003F4D28 /* iPad.png in Resources */ = {isa = PBXBuildFile; fileRef = B71F5909188484E7003F4D28 /* iPad.png */; };
		B71F5914188484E7003F4D28 /* iPad@2x.png in Resources */ = {isa = PBXBuildFile; fileRef = B71F590A188484E7003F4D28 /* iPad@2x.png */; };
		B71F5915188484E7003F4D28 /* iPhone-old.png in Resources */ = {isa = PBXBuildFile; fileRef = B71F590B188484E7003F4D28 /* iPhone-old.png */; };
		B71F5916188484E7003F4D28 /* iPhone-old@2x.png in Resources */ = {isa = PBXBuildFile; fileRef = B71F590C188484E7003F4D28 /* iPhone-old@2x.png */; };
		B71F5917188484E7003F4D28 /* iPhone.png in Resources */ = {isa = PBXBuildFile; fileRef = B71F590D188484E7003F4D28 /* iPhone.png */; };
		B71F5918188484E7003F4D28 /* iPhone@2x.png in Resources */ = {isa = PBXBuildFile; fileRef = B71F590E188484E7003F4D28 /* iPhone@2x.png */; };
		B71F5919188484E7003F4D28 /* Settings.png in Resources */ = {isa = PBXBuildFile; fileRef = B71F590F188484E7003F4D28 /* Settings.png */; };
		B71F591A188484E7003F4D28 /* Settings@2x.png in Resources */ = {isa = PBXBuildFile; fileRef = B71F5910188484E7003F4D28 /* Settings@2x.png */; };
		B737893B180761570076A88C /* Published-iOS in Resources */ = {isa = PBXBuildFile; fileRef = B737893A180761570076A88C /* Published-iOS */; };
		B737893F1807617C0076A88C /* AppDelegate.m in Sources */ = {isa = PBXBuildFile; fileRef = B737893E1807617C0076A88C /* AppDelegate.m */; };
		B7378975180762440076A88C /* Default-568h@2x.png in Resources */ = {isa = PBXBuildFile; fileRef = B737896B180762440076A88C /* Default-568h@2x.png */; };
		B7378976180762440076A88C /* Default-Landscape~ipad.png in Resources */ = {isa = PBXBuildFile; fileRef = B737896C180762440076A88C /* Default-Landscape~ipad.png */; };
		B7378977180762440076A88C /* Default.png in Resources */ = {isa = PBXBuildFile; fileRef = B737896D180762440076A88C /* Default.png */; };
		B7378978180762440076A88C /* Default@2x.png in Resources */ = {isa = PBXBuildFile; fileRef = B737896E180762440076A88C /* Default@2x.png */; };
		B73789871807631A0076A88C /* main.m in Sources */ = {isa = PBXBuildFile; fileRef = B73789851807631A0076A88C /* main.m */; };
		B737898A1807642B0076A88C /* libcocos2d.a in Frameworks */ = {isa = PBXBuildFile; fileRef = B737894B180761A90076A88C /* libcocos2d.a */; };
		B7378994180767190076A88C /* MainScene.m in Sources */ = {isa = PBXBuildFile; fileRef = B7378993180767190076A88C /* MainScene.m */; };
		B77F1B3217B978D7009739AE /* QuartzCore.framework in Frameworks */ = {isa = PBXBuildFile; fileRef = B77F1B3117B978D7009739AE /* QuartzCore.framework */; };
		B77F1B3417B978D7009739AE /* OpenGLES.framework in Frameworks */ = {isa = PBXBuildFile; fileRef = B77F1B3317B978D7009739AE /* OpenGLES.framework */; };
		B77F1B3617B978D7009739AE /* OpenAL.framework in Frameworks */ = {isa = PBXBuildFile; fileRef = B77F1B3517B978D7009739AE /* OpenAL.framework */; };
		B77F1B3817B978D7009739AE /* AudioToolbox.framework in Frameworks */ = {isa = PBXBuildFile; fileRef = B77F1B3717B978D7009739AE /* AudioToolbox.framework */; };
		B77F1B3A17B978D7009739AE /* AVFoundation.framework in Frameworks */ = {isa = PBXBuildFile; fileRef = B77F1B3917B978D7009739AE /* AVFoundation.framework */; };
		B77F1B3C17B978D7009739AE /* UIKit.framework in Frameworks */ = {isa = PBXBuildFile; fileRef = B77F1B3B17B978D7009739AE /* UIKit.framework */; };
		B77F1B3E17B978D7009739AE /* Foundation.framework in Frameworks */ = {isa = PBXBuildFile; fileRef = B77F1B3D17B978D7009739AE /* Foundation.framework */; };
		B77F1B4017B978D7009739AE /* CoreGraphics.framework in Frameworks */ = {isa = PBXBuildFile; fileRef = B77F1B3F17B978D7009739AE /* CoreGraphics.framework */; };
		B77F1B4217B978D7009739AE /* CoreText.framework in Frameworks */ = {isa = PBXBuildFile; fileRef = B77F1B4117B978D7009739AE /* CoreText.framework */; };
		D53063D0199132FC001E0E12 /* AnimatedMainScene.m in Sources */ = {isa = PBXBuildFile; fileRef = D53063CF199132FC001E0E12 /* AnimatedMainScene.m */; };
		D53063D419914C0B001E0E12 /* AnimatedCharacterSelectScene.m in Sources */ = {isa = PBXBuildFile; fileRef = D53063D319914C0B001E0E12 /* AnimatedCharacterSelectScene.m */; };
		D54B287B197F1ADF00D0580E /* GameOver.m in Sources */ = {isa = PBXBuildFile; fileRef = D54B287A197F1ADF00D0580E /* GameOver.m */; };
		D54D79AC199C5891005521E0 /* Blip_Select46.mp3 in Resources */ = {isa = PBXBuildFile; fileRef = D54D79AB199C5891005521E0 /* Blip_Select46.mp3 */; };
		D54D79B0199D093E005521E0 /* libz.dylib in Frameworks */ = {isa = PBXBuildFile; fileRef = D54D79AF199D093E005521E0 /* libz.dylib */; };
		D54D79B2199D0947005521E0 /* MessageUI.framework in Frameworks */ = {isa = PBXBuildFile; fileRef = D54D79B1199D0947005521E0 /* MessageUI.framework */; };
		D54D79B4199D0950005521E0 /* Social.framework in Frameworks */ = {isa = PBXBuildFile; fileRef = D54D79B3199D0950005521E0 /* Social.framework */; settings = {ATTRIBUTES = (Weak, ); }; };
		D54D79B6199D0958005521E0 /* StoreKit.framework in Frameworks */ = {isa = PBXBuildFile; fileRef = D54D79B5199D0958005521E0 /* StoreKit.framework */; };
		D54D79B8199D0961005521E0 /* SystemConfiguration.framework in Frameworks */ = {isa = PBXBuildFile; fileRef = D54D79B7199D0961005521E0 /* SystemConfiguration.framework */; };
		D54D79BA199D0987005521E0 /* Twitter.framework in Frameworks */ = {isa = PBXBuildFile; fileRef = D54D79B9199D0987005521E0 /* Twitter.framework */; settings = {ATTRIBUTES = (Weak, ); }; };
		D55328AA1992862900A23E48 /* OnePlayerScene.m in Sources */ = {isa = PBXBuildFile; fileRef = D55328A91992862900A23E48 /* OnePlayerScene.m */; };
		D555CDDE1A730A1E008DB615 /* mgwuSDK.framework in Frameworks */ = {isa = PBXBuildFile; fileRef = D555CDDD1A730A1E008DB615 /* mgwuSDK.framework */; };
		D563F29F19997339000B8B22 /* TutorialPartTwo.m in Sources */ = {isa = PBXBuildFile; fileRef = D563F29E19997339000B8B22 /* TutorialPartTwo.m */; };
		D58407B91982F46200A18024 /* GameState.m in Sources */ = {isa = PBXBuildFile; fileRef = D58407B81982F46200A18024 /* GameState.m */; };
		D58DB1B0199D4D77004219DC /* Icon-40.png in Resources */ = {isa = PBXBuildFile; fileRef = D58DB1A6199D4D77004219DC /* Icon-40.png */; };
		D58DB1B1199D4D77004219DC /* Icon-40@2x.png in Resources */ = {isa = PBXBuildFile; fileRef = D58DB1A7199D4D77004219DC /* Icon-40@2x.png */; };
		D58DB1B2199D4D77004219DC /* Icon-60.png in Resources */ = {isa = PBXBuildFile; fileRef = D58DB1A8199D4D77004219DC /* Icon-60.png */; };
		D58DB1B3199D4D77004219DC /* Icon-60@2x.png in Resources */ = {isa = PBXBuildFile; fileRef = D58DB1A9199D4D77004219DC /* Icon-60@2x.png */; };
		D58DB1B4199D4D77004219DC /* Icon-76.png in Resources */ = {isa = PBXBuildFile; fileRef = D58DB1AA199D4D77004219DC /* Icon-76.png */; };
		D58DB1B5199D4D77004219DC /* Icon-76@2x.png in Resources */ = {isa = PBXBuildFile; fileRef = D58DB1AB199D4D77004219DC /* Icon-76@2x.png */; };
		D58DB1B6199D4D77004219DC /* Icon-Small.png in Resources */ = {isa = PBXBuildFile; fileRef = D58DB1AC199D4D77004219DC /* Icon-Small.png */; };
		D58DB1B7199D4D77004219DC /* Icon-Small@2x.png in Resources */ = {isa = PBXBuildFile; fileRef = D58DB1AD199D4D77004219DC /* Icon-Small@2x.png */; };
		D58DB1B8199D4D77004219DC /* iTunesArtwork.png in Resources */ = {isa = PBXBuildFile; fileRef = D58DB1AE199D4D77004219DC /* iTunesArtwork.png */; };
		D58DB1B9199D4D77004219DC /* iTunesArtwork@2x.png in Resources */ = {isa = PBXBuildFile; fileRef = D58DB1AF199D4D77004219DC /* iTunesArtwork@2x.png */; };
		D58DB1BB199D980C004219DC /* Randomize6.mp3 in Resources */ = {isa = PBXBuildFile; fileRef = D58DB1BA199D980C004219DC /* Randomize6.mp3 */; };
		D58DB1C2199DA28A004219DC /* Randomize7.mp3 in Resources */ = {isa = PBXBuildFile; fileRef = D58DB1C0199DA28A004219DC /* Randomize7.mp3 */; };
		D58DB1C3199DA28A004219DC /* Randomize12.mp3 in Resources */ = {isa = PBXBuildFile; fileRef = D58DB1C1199DA28A004219DC /* Randomize12.mp3 */; };
		D58FD9461A730F1200AB70B6 /* Info.plist in Resources */ = {isa = PBXBuildFile; fileRef = D58FD9451A730F1200AB70B6 /* Info.plist */; };
		D5A1F8AD19990CD60024DBAA /* TwoPlayerTutorial.m in Sources */ = {isa = PBXBuildFile; fileRef = D5A1F8AC19990CD60024DBAA /* TwoPlayerTutorial.m */; };
		D5A8C448197DCF8F0072F9A9 /* CharacterSelectScene.m in Sources */ = {isa = PBXBuildFile; fileRef = D5A8C447197DCF8F0072F9A9 /* CharacterSelectScene.m */; };
		D5A9E95219A246C300F89EA8 /* OnePlayerGameOver.m in Sources */ = {isa = PBXBuildFile; fileRef = D5A9E95119A246C300F89EA8 /* OnePlayerGameOver.m */; };
		D5AEFF50199ED20C00A5BD96 /* Images.xcassets in Resources */ = {isa = PBXBuildFile; fileRef = D5AEFF4F199ED20C00A5BD96 /* Images.xcassets */; };
		D5D2F454199AD9FA006E063B /* CountDownTimer2.m in Sources */ = {isa = PBXBuildFile; fileRef = D5D2F453199AD9FA006E063B /* CountDownTimer2.m */; };
		D5ED009319785A9C00A57786 /* EndlessScene.m in Sources */ = {isa = PBXBuildFile; fileRef = D5ED009219785A9C00A57786 /* EndlessScene.m */; };
/* End PBXBuildFile section */

/* Begin PBXContainerItemProxy section */
		B737894A180761A90076A88C /* PBXContainerItemProxy */ = {
			isa = PBXContainerItemProxy;
			containerPortal = B7378940180761A80076A88C /* cocos2d-ios.xcodeproj */;
			proxyType = 2;
			remoteGlobalIDString = 5018F24D0DFDEAC400C013A5;
			remoteInfo = cocos2d;
		};
		B7378988180764180076A88C /* PBXContainerItemProxy */ = {
			isa = PBXContainerItemProxy;
			containerPortal = B7378940180761A80076A88C /* cocos2d-ios.xcodeproj */;
			proxyType = 1;
			remoteGlobalIDString = 5018F24C0DFDEAC400C013A5;
			remoteInfo = cocos2d;
		};
/* End PBXContainerItemProxy section */

/* Begin PBXFileReference section */
		8392007918EE8E3300B6C429 /* GLKit.framework */ = {isa = PBXFileReference; lastKnownFileType = wrapper.framework; name = GLKit.framework; path = System/Library/Frameworks/GLKit.framework; sourceTree = SDKROOT; };
		B71F5907188484E7003F4D28 /* iPad-old.png */ = {isa = PBXFileReference; lastKnownFileType = image.png; name = "iPad-old.png"; path = "Icons/iPad-old.png"; sourceTree = "<group>"; };
		B71F5908188484E7003F4D28 /* iPad-old@2x.png */ = {isa = PBXFileReference; lastKnownFileType = image.png; name = "iPad-old@2x.png"; path = "Icons/iPad-old@2x.png"; sourceTree = "<group>"; };
		B71F5909188484E7003F4D28 /* iPad.png */ = {isa = PBXFileReference; lastKnownFileType = image.png; name = iPad.png; path = Icons/iPad.png; sourceTree = "<group>"; };
		B71F590A188484E7003F4D28 /* iPad@2x.png */ = {isa = PBXFileReference; lastKnownFileType = image.png; name = "iPad@2x.png"; path = "Icons/iPad@2x.png"; sourceTree = "<group>"; };
		B71F590B188484E7003F4D28 /* iPhone-old.png */ = {isa = PBXFileReference; lastKnownFileType = image.png; name = "iPhone-old.png"; path = "Icons/iPhone-old.png"; sourceTree = "<group>"; };
		B71F590C188484E7003F4D28 /* iPhone-old@2x.png */ = {isa = PBXFileReference; lastKnownFileType = image.png; name = "iPhone-old@2x.png"; path = "Icons/iPhone-old@2x.png"; sourceTree = "<group>"; };
		B71F590D188484E7003F4D28 /* iPhone.png */ = {isa = PBXFileReference; lastKnownFileType = image.png; name = iPhone.png; path = Icons/iPhone.png; sourceTree = "<group>"; };
		B71F590E188484E7003F4D28 /* iPhone@2x.png */ = {isa = PBXFileReference; lastKnownFileType = image.png; name = "iPhone@2x.png"; path = "Icons/iPhone@2x.png"; sourceTree = "<group>"; };
		B71F590F188484E7003F4D28 /* Settings.png */ = {isa = PBXFileReference; lastKnownFileType = image.png; name = Settings.png; path = Icons/Settings.png; sourceTree = "<group>"; };
		B71F5910188484E7003F4D28 /* Settings@2x.png */ = {isa = PBXFileReference; lastKnownFileType = image.png; name = "Settings@2x.png"; path = "Icons/Settings@2x.png"; sourceTree = "<group>"; };
		B737893A180761570076A88C /* Published-iOS */ = {isa = PBXFileReference; lastKnownFileType = folder; name = "Published-iOS"; path = "Source/Resources/Published-iOS"; sourceTree = SOURCE_ROOT; };
		B737893D1807617C0076A88C /* AppDelegate.h */ = {isa = PBXFileReference; fileEncoding = 4; lastKnownFileType = sourcecode.c.h; name = AppDelegate.h; path = Source/AppDelegate.h; sourceTree = "<group>"; };
		B737893E1807617C0076A88C /* AppDelegate.m */ = {isa = PBXFileReference; fileEncoding = 4; lastKnownFileType = sourcecode.c.objc; name = AppDelegate.m; path = Source/AppDelegate.m; sourceTree = "<group>"; };
		B7378940180761A80076A88C /* cocos2d-ios.xcodeproj */ = {isa = PBXFileReference; lastKnownFileType = "wrapper.pb-project"; name = "cocos2d-ios.xcodeproj"; path = "Source/libs/cocos2d-iphone/cocos2d-ios.xcodeproj"; sourceTree = SOURCE_ROOT; };
		B737896B180762440076A88C /* Default-568h@2x.png */ = {isa = PBXFileReference; lastKnownFileType = image.png; name = "Default-568h@2x.png"; path = "Source/Resources/Default-568h@2x.png"; sourceTree = SOURCE_ROOT; };
		B737896C180762440076A88C /* Default-Landscape~ipad.png */ = {isa = PBXFileReference; lastKnownFileType = image.png; name = "Default-Landscape~ipad.png"; path = "Source/Resources/Default-Landscape~ipad.png"; sourceTree = SOURCE_ROOT; };
		B737896D180762440076A88C /* Default.png */ = {isa = PBXFileReference; lastKnownFileType = image.png; name = Default.png; path = Source/Resources/Default.png; sourceTree = SOURCE_ROOT; };
		B737896E180762440076A88C /* Default@2x.png */ = {isa = PBXFileReference; lastKnownFileType = image.png; name = "Default@2x.png"; path = "Source/Resources/Default@2x.png"; sourceTree = SOURCE_ROOT; };
		B73789851807631A0076A88C /* main.m */ = {isa = PBXFileReference; fileEncoding = 4; lastKnownFileType = sourcecode.c.objc; name = main.m; path = Source/main.m; sourceTree = SOURCE_ROOT; };
		B73789861807631A0076A88C /* Prefix.pch */ = {isa = PBXFileReference; fileEncoding = 4; lastKnownFileType = sourcecode.c.h; name = Prefix.pch; path = Source/Prefix.pch; sourceTree = SOURCE_ROOT; };
		B7378992180767190076A88C /* MainScene.h */ = {isa = PBXFileReference; fileEncoding = 4; lastKnownFileType = sourcecode.c.h; name = MainScene.h; path = Source/MainScene.h; sourceTree = "<group>"; };
		B7378993180767190076A88C /* MainScene.m */ = {isa = PBXFileReference; fileEncoding = 4; lastKnownFileType = sourcecode.c.objc; name = MainScene.m; path = Source/MainScene.m; sourceTree = "<group>"; };
		B77F1B2E17B978D7009739AE /* PushPush.app */ = {isa = PBXFileReference; explicitFileType = wrapper.application; includeInIndex = 0; path = PushPush.app; sourceTree = BUILT_PRODUCTS_DIR; };
		B77F1B3117B978D7009739AE /* QuartzCore.framework */ = {isa = PBXFileReference; lastKnownFileType = wrapper.framework; name = QuartzCore.framework; path = System/Library/Frameworks/QuartzCore.framework; sourceTree = SDKROOT; };
		B77F1B3317B978D7009739AE /* OpenGLES.framework */ = {isa = PBXFileReference; lastKnownFileType = wrapper.framework; name = OpenGLES.framework; path = System/Library/Frameworks/OpenGLES.framework; sourceTree = SDKROOT; };
		B77F1B3517B978D7009739AE /* OpenAL.framework */ = {isa = PBXFileReference; lastKnownFileType = wrapper.framework; name = OpenAL.framework; path = System/Library/Frameworks/OpenAL.framework; sourceTree = SDKROOT; };
		B77F1B3717B978D7009739AE /* AudioToolbox.framework */ = {isa = PBXFileReference; lastKnownFileType = wrapper.framework; name = AudioToolbox.framework; path = System/Library/Frameworks/AudioToolbox.framework; sourceTree = SDKROOT; };
		B77F1B3917B978D7009739AE /* AVFoundation.framework */ = {isa = PBXFileReference; lastKnownFileType = wrapper.framework; name = AVFoundation.framework; path = System/Library/Frameworks/AVFoundation.framework; sourceTree = SDKROOT; };
		B77F1B3B17B978D7009739AE /* UIKit.framework */ = {isa = PBXFileReference; lastKnownFileType = wrapper.framework; name = UIKit.framework; path = System/Library/Frameworks/UIKit.framework; sourceTree = SDKROOT; };
		B77F1B3D17B978D7009739AE /* Foundation.framework */ = {isa = PBXFileReference; lastKnownFileType = wrapper.framework; name = Foundation.framework; path = System/Library/Frameworks/Foundation.framework; sourceTree = SDKROOT; };
		B77F1B3F17B978D7009739AE /* CoreGraphics.framework */ = {isa = PBXFileReference; lastKnownFileType = wrapper.framework; name = CoreGraphics.framework; path = System/Library/Frameworks/CoreGraphics.framework; sourceTree = SDKROOT; };
		B77F1B4117B978D7009739AE /* CoreText.framework */ = {isa = PBXFileReference; lastKnownFileType = wrapper.framework; name = CoreText.framework; path = System/Library/Frameworks/CoreText.framework; sourceTree = SDKROOT; };
		D31CEF859C2046E797578B43 /* Pods.xcconfig */ = {isa = PBXFileReference; includeInIndex = 1; lastKnownFileType = text.xcconfig; name = Pods.xcconfig; path = Pods/Pods.xcconfig; sourceTree = "<group>"; };
		D53063CE199132FC001E0E12 /* AnimatedMainScene.h */ = {isa = PBXFileReference; fileEncoding = 4; lastKnownFileType = sourcecode.c.h; path = AnimatedMainScene.h; sourceTree = "<group>"; };
		D53063CF199132FC001E0E12 /* AnimatedMainScene.m */ = {isa = PBXFileReference; fileEncoding = 4; lastKnownFileType = sourcecode.c.objc; path = AnimatedMainScene.m; sourceTree = "<group>"; };
		D53063D219914C0B001E0E12 /* AnimatedCharacterSelectScene.h */ = {isa = PBXFileReference; fileEncoding = 4; lastKnownFileType = sourcecode.c.h; path = AnimatedCharacterSelectScene.h; sourceTree = "<group>"; };
		D53063D319914C0B001E0E12 /* AnimatedCharacterSelectScene.m */ = {isa = PBXFileReference; fileEncoding = 4; lastKnownFileType = sourcecode.c.objc; path = AnimatedCharacterSelectScene.m; sourceTree = "<group>"; };
		D54B2879197F1ADF00D0580E /* GameOver.h */ = {isa = PBXFileReference; fileEncoding = 4; lastKnownFileType = sourcecode.c.h; path = GameOver.h; sourceTree = "<group>"; };
		D54B287A197F1ADF00D0580E /* GameOver.m */ = {isa = PBXFileReference; fileEncoding = 4; lastKnownFileType = sourcecode.c.objc; path = GameOver.m; sourceTree = "<group>"; };
		D54D79AB199C5891005521E0 /* Blip_Select46.mp3 */ = {isa = PBXFileReference; lastKnownFileType = audio.mp3; path = Blip_Select46.mp3; sourceTree = "<group>"; };
		D54D79AF199D093E005521E0 /* libz.dylib */ = {isa = PBXFileReference; lastKnownFileType = "compiled.mach-o.dylib"; name = libz.dylib; path = usr/lib/libz.dylib; sourceTree = SDKROOT; };
		D54D79B1199D0947005521E0 /* MessageUI.framework */ = {isa = PBXFileReference; lastKnownFileType = wrapper.framework; name = MessageUI.framework; path = System/Library/Frameworks/MessageUI.framework; sourceTree = SDKROOT; };
		D54D79B3199D0950005521E0 /* Social.framework */ = {isa = PBXFileReference; lastKnownFileType = wrapper.framework; name = Social.framework; path = System/Library/Frameworks/Social.framework; sourceTree = SDKROOT; };
		D54D79B5199D0958005521E0 /* StoreKit.framework */ = {isa = PBXFileReference; lastKnownFileType = wrapper.framework; name = StoreKit.framework; path = System/Library/Frameworks/StoreKit.framework; sourceTree = SDKROOT; };
		D54D79B7199D0961005521E0 /* SystemConfiguration.framework */ = {isa = PBXFileReference; lastKnownFileType = wrapper.framework; name = SystemConfiguration.framework; path = System/Library/Frameworks/SystemConfiguration.framework; sourceTree = SDKROOT; };
		D54D79B9199D0987005521E0 /* Twitter.framework */ = {isa = PBXFileReference; lastKnownFileType = wrapper.framework; name = Twitter.framework; path = System/Library/Frameworks/Twitter.framework; sourceTree = SDKROOT; };
		D55328A81992862900A23E48 /* OnePlayerScene.h */ = {isa = PBXFileReference; fileEncoding = 4; lastKnownFileType = sourcecode.c.h; path = OnePlayerScene.h; sourceTree = "<group>"; };
		D55328A91992862900A23E48 /* OnePlayerScene.m */ = {isa = PBXFileReference; fileEncoding = 4; lastKnownFileType = sourcecode.c.objc; path = OnePlayerScene.m; sourceTree = "<group>"; };
		D555CDDD1A730A1E008DB615 /* mgwuSDK.framework */ = {isa = PBXFileReference; lastKnownFileType = wrapper.framework; path = mgwuSDK.framework; sourceTree = "<group>"; };
		D563F29D19997339000B8B22 /* TutorialPartTwo.h */ = {isa = PBXFileReference; fileEncoding = 4; lastKnownFileType = sourcecode.c.h; path = TutorialPartTwo.h; sourceTree = "<group>"; };
		D563F29E19997339000B8B22 /* TutorialPartTwo.m */ = {isa = PBXFileReference; fileEncoding = 4; lastKnownFileType = sourcecode.c.objc; path = TutorialPartTwo.m; sourceTree = "<group>"; };
		D58407B71982F46200A18024 /* GameState.h */ = {isa = PBXFileReference; fileEncoding = 4; lastKnownFileType = sourcecode.c.h; path = GameState.h; sourceTree = "<group>"; };
		D58407B81982F46200A18024 /* GameState.m */ = {isa = PBXFileReference; fileEncoding = 4; lastKnownFileType = sourcecode.c.objc; path = GameState.m; sourceTree = "<group>"; };
		D58DB1A6199D4D77004219DC /* Icon-40.png */ = {isa = PBXFileReference; lastKnownFileType = image.png; path = "Icon-40.png"; sourceTree = "<group>"; };
		D58DB1A7199D4D77004219DC /* Icon-40@2x.png */ = {isa = PBXFileReference; lastKnownFileType = image.png; path = "Icon-40@2x.png"; sourceTree = "<group>"; };
		D58DB1A8199D4D77004219DC /* Icon-60.png */ = {isa = PBXFileReference; lastKnownFileType = image.png; path = "Icon-60.png"; sourceTree = "<group>"; };
		D58DB1A9199D4D77004219DC /* Icon-60@2x.png */ = {isa = PBXFileReference; lastKnownFileType = image.png; path = "Icon-60@2x.png"; sourceTree = "<group>"; };
		D58DB1AA199D4D77004219DC /* Icon-76.png */ = {isa = PBXFileReference; lastKnownFileType = image.png; path = "Icon-76.png"; sourceTree = "<group>"; };
		D58DB1AB199D4D77004219DC /* Icon-76@2x.png */ = {isa = PBXFileReference; lastKnownFileType = image.png; path = "Icon-76@2x.png"; sourceTree = "<group>"; };
		D58DB1AC199D4D77004219DC /* Icon-Small.png */ = {isa = PBXFileReference; lastKnownFileType = image.png; path = "Icon-Small.png"; sourceTree = "<group>"; };
		D58DB1AD199D4D77004219DC /* Icon-Small@2x.png */ = {isa = PBXFileReference; lastKnownFileType = image.png; path = "Icon-Small@2x.png"; sourceTree = "<group>"; };
		D58DB1AE199D4D77004219DC /* iTunesArtwork.png */ = {isa = PBXFileReference; lastKnownFileType = image.png; path = iTunesArtwork.png; sourceTree = "<group>"; };
		D58DB1AF199D4D77004219DC /* iTunesArtwork@2x.png */ = {isa = PBXFileReference; lastKnownFileType = image.png; path = "iTunesArtwork@2x.png"; sourceTree = "<group>"; };
		D58DB1BA199D980C004219DC /* Randomize6.mp3 */ = {isa = PBXFileReference; lastKnownFileType = audio.mp3; path = Randomize6.mp3; sourceTree = "<group>"; };
		D58DB1C0199DA28A004219DC /* Randomize7.mp3 */ = {isa = PBXFileReference; lastKnownFileType = audio.mp3; path = Randomize7.mp3; sourceTree = "<group>"; };
		D58DB1C1199DA28A004219DC /* Randomize12.mp3 */ = {isa = PBXFileReference; lastKnownFileType = audio.mp3; path = Randomize12.mp3; sourceTree = "<group>"; };
		D58DB1C4199DB6CB004219DC /* Icon-40.png */ = {isa = PBXFileReference; lastKnownFileType = image.png; name = "Icon-40.png"; path = "Source/Resources/Icon-40.png"; sourceTree = "<group>"; };
		D58DB1C5199DB6E8004219DC /* Icon-40.png */ = {isa = PBXFileReference; lastKnownFileType = image.png; name = "Icon-40.png"; path = "Source/Resources/Icon-40.png"; sourceTree = "<group>"; };
		D58FD9451A730F1200AB70B6 /* Info.plist */ = {isa = PBXFileReference; fileEncoding = 4; lastKnownFileType = text.plist.xml; path = Info.plist; sourceTree = "<group>"; };
		D5A1F8AB19990CD60024DBAA /* TwoPlayerTutorial.h */ = {isa = PBXFileReference; fileEncoding = 4; lastKnownFileType = sourcecode.c.h; path = TwoPlayerTutorial.h; sourceTree = "<group>"; };
		D5A1F8AC19990CD60024DBAA /* TwoPlayerTutorial.m */ = {isa = PBXFileReference; fileEncoding = 4; lastKnownFileType = sourcecode.c.objc; path = TwoPlayerTutorial.m; sourceTree = "<group>"; };
		D5A8C446197DCF8F0072F9A9 /* CharacterSelectScene.h */ = {isa = PBXFileReference; fileEncoding = 4; lastKnownFileType = sourcecode.c.h; path = CharacterSelectScene.h; sourceTree = "<group>"; };
		D5A8C447197DCF8F0072F9A9 /* CharacterSelectScene.m */ = {isa = PBXFileReference; fileEncoding = 4; lastKnownFileType = sourcecode.c.objc; path = CharacterSelectScene.m; sourceTree = "<group>"; };
		D5A9E95019A246C300F89EA8 /* OnePlayerGameOver.h */ = {isa = PBXFileReference; fileEncoding = 4; lastKnownFileType = sourcecode.c.h; path = OnePlayerGameOver.h; sourceTree = "<group>"; };
		D5A9E95119A246C300F89EA8 /* OnePlayerGameOver.m */ = {isa = PBXFileReference; fileEncoding = 4; lastKnownFileType = sourcecode.c.objc; path = OnePlayerGameOver.m; sourceTree = "<group>"; };
		D5AEFF4F199ED20C00A5BD96 /* Images.xcassets */ = {isa = PBXFileReference; lastKnownFileType = folder.assetcatalog; name = Images.xcassets; path = PushPush/Images.xcassets; sourceTree = SOURCE_ROOT; };
		D5D2F452199AD9FA006E063B /* CountDownTimer2.h */ = {isa = PBXFileReference; fileEncoding = 4; lastKnownFileType = sourcecode.c.h; path = CountDownTimer2.h; sourceTree = "<group>"; };
		D5D2F453199AD9FA006E063B /* CountDownTimer2.m */ = {isa = PBXFileReference; fileEncoding = 4; lastKnownFileType = sourcecode.c.objc; path = CountDownTimer2.m; sourceTree = "<group>"; };
		D5ED009119785A9C00A57786 /* EndlessScene.h */ = {isa = PBXFileReference; fileEncoding = 4; lastKnownFileType = sourcecode.c.h; name = EndlessScene.h; path = Source/EndlessScene.h; sourceTree = "<group>"; };
		D5ED009219785A9C00A57786 /* EndlessScene.m */ = {isa = PBXFileReference; fileEncoding = 4; lastKnownFileType = sourcecode.c.objc; name = EndlessScene.m; path = Source/EndlessScene.m; sourceTree = "<group>"; };
/* End PBXFileReference section */

/* Begin PBXFrameworksBuildPhase section */
		B77F1B2B17B978D7009739AE /* Frameworks */ = {
			isa = PBXFrameworksBuildPhase;
			buildActionMask = 2147483647;
			files = (
				D54D79BA199D0987005521E0 /* Twitter.framework in Frameworks */,
				D54D79B8199D0961005521E0 /* SystemConfiguration.framework in Frameworks */,
				D54D79B6199D0958005521E0 /* StoreKit.framework in Frameworks */,
				D54D79B4199D0950005521E0 /* Social.framework in Frameworks */,
				D54D79B2199D0947005521E0 /* MessageUI.framework in Frameworks */,
				D555CDDE1A730A1E008DB615 /* mgwuSDK.framework in Frameworks */,
				D54D79B0199D093E005521E0 /* libz.dylib in Frameworks */,
				8392007A18EE8E3300B6C429 /* GLKit.framework in Frameworks */,
				B737898A1807642B0076A88C /* libcocos2d.a in Frameworks */,
				B77F1B3217B978D7009739AE /* QuartzCore.framework in Frameworks */,
				B77F1B3417B978D7009739AE /* OpenGLES.framework in Frameworks */,
				B77F1B3617B978D7009739AE /* OpenAL.framework in Frameworks */,
				B77F1B3817B978D7009739AE /* AudioToolbox.framework in Frameworks */,
				B77F1B3A17B978D7009739AE /* AVFoundation.framework in Frameworks */,
				B77F1B3C17B978D7009739AE /* UIKit.framework in Frameworks */,
				B77F1B3E17B978D7009739AE /* Foundation.framework in Frameworks */,
				B77F1B4017B978D7009739AE /* CoreGraphics.framework in Frameworks */,
				B77F1B4217B978D7009739AE /* CoreText.framework in Frameworks */,
			);
			runOnlyForDeploymentPostprocessing = 0;
		};
/* End PBXFrameworksBuildPhase section */

/* Begin PBXGroup section */
		9222E2B918734FF800A246C7 /* libs */ = {
			isa = PBXGroup;
			children = (
				B7378940180761A80076A88C /* cocos2d-ios.xcodeproj */,
			);
			name = libs;
			sourceTree = "<group>";
		};
		B737893C1807616C0076A88C /* Source */ = {
			isa = PBXGroup;
			children = (
				B737893D1807617C0076A88C /* AppDelegate.h */,
				B737893E1807617C0076A88C /* AppDelegate.m */,
				D52FC606198BE12400F534F8 /* Menus */,
				D503C93D1988096200401C77 /* Singleton */,
				D503C93F1988097500401C77 /* Gameplay Scenes */,
			);
			name = Source;
			sourceTree = "<group>";
		};
		B7378941180761A80076A88C /* Products */ = {
			isa = PBXGroup;
			children = (
				B737894B180761A90076A88C /* libcocos2d.a */,
			);
			name = Products;
			sourceTree = "<group>";
		};
		B73789911807667A0076A88C /* Icons */ = {
			isa = PBXGroup;
			children = (
				D58DB1A6199D4D77004219DC /* Icon-40.png */,
				D58DB1A7199D4D77004219DC /* Icon-40@2x.png */,
				D58DB1A8199D4D77004219DC /* Icon-60.png */,
				D58DB1A9199D4D77004219DC /* Icon-60@2x.png */,
				D58DB1AA199D4D77004219DC /* Icon-76.png */,
				D58DB1AB199D4D77004219DC /* Icon-76@2x.png */,
				D58DB1AC199D4D77004219DC /* Icon-Small.png */,
				D58DB1AD199D4D77004219DC /* Icon-Small@2x.png */,
				D58DB1AE199D4D77004219DC /* iTunesArtwork.png */,
				D58DB1AF199D4D77004219DC /* iTunesArtwork@2x.png */,
				B71F5907188484E7003F4D28 /* iPad-old.png */,
				B71F5908188484E7003F4D28 /* iPad-old@2x.png */,
				B71F5909188484E7003F4D28 /* iPad.png */,
				B71F590A188484E7003F4D28 /* iPad@2x.png */,
				B71F590B188484E7003F4D28 /* iPhone-old.png */,
				B71F590C188484E7003F4D28 /* iPhone-old@2x.png */,
				B71F590D188484E7003F4D28 /* iPhone.png */,
				B71F590E188484E7003F4D28 /* iPhone@2x.png */,
				B71F590F188484E7003F4D28 /* Settings.png */,
				B71F5910188484E7003F4D28 /* Settings@2x.png */,
				B737896B180762440076A88C /* Default-568h@2x.png */,
				B737896C180762440076A88C /* Default-Landscape~ipad.png */,
				B737896D180762440076A88C /* Default.png */,
				B737896E180762440076A88C /* Default@2x.png */,
			);
			name = Icons;
			sourceTree = "<group>";
		};
		B77F1B2517B978D7009739AE = {
			isa = PBXGroup;
			children = (
				D58DB1C5199DB6E8004219DC /* Icon-40.png */,
				D58DB1C4199DB6CB004219DC /* Icon-40.png */,
				B737893C1807616C0076A88C /* Source */,
				B77F1B4617B978D7009739AE /* Resources */,
				9222E2B918734FF800A246C7 /* libs */,
				B77F1CCF17B978D8009739AE /* Supporting Files */,
				B77F1B3017B978D7009739AE /* Frameworks */,
				B77F1B2F17B978D7009739AE /* Products */,
				D31CEF859C2046E797578B43 /* Pods.xcconfig */,
			);
			sourceTree = "<group>";
		};
		B77F1B2F17B978D7009739AE /* Products */ = {
			isa = PBXGroup;
			children = (
				B77F1B2E17B978D7009739AE /* PushPush.app */,
			);
			name = Products;
			sourceTree = "<group>";
		};
		B77F1B3017B978D7009739AE /* Frameworks */ = {
			isa = PBXGroup;
			children = (
				D555CDDD1A730A1E008DB615 /* mgwuSDK.framework */,
				D54D79B9199D0987005521E0 /* Twitter.framework */,
				D54D79B7199D0961005521E0 /* SystemConfiguration.framework */,
				D54D79B5199D0958005521E0 /* StoreKit.framework */,
				D54D79B3199D0950005521E0 /* Social.framework */,
				D54D79B1199D0947005521E0 /* MessageUI.framework */,
				D54D79AF199D093E005521E0 /* libz.dylib */,
				8392007918EE8E3300B6C429 /* GLKit.framework */,
				B77F1B3117B978D7009739AE /* QuartzCore.framework */,
				B77F1B3317B978D7009739AE /* OpenGLES.framework */,
				B77F1B3517B978D7009739AE /* OpenAL.framework */,
				B77F1B3717B978D7009739AE /* AudioToolbox.framework */,
				B77F1B3917B978D7009739AE /* AVFoundation.framework */,
				B77F1B3B17B978D7009739AE /* UIKit.framework */,
				B77F1B3D17B978D7009739AE /* Foundation.framework */,
				B77F1B3F17B978D7009739AE /* CoreGraphics.framework */,
				B77F1B4117B978D7009739AE /* CoreText.framework */,
			);
			name = Frameworks;
			sourceTree = "<group>";
		};
		B77F1B4617B978D7009739AE /* Resources */ = {
			isa = PBXGroup;
			children = (
				D58FD9451A730F1200AB70B6 /* Info.plist */,
				D5AEFF4F199ED20C00A5BD96 /* Images.xcassets */,
				D58DB1A4199D4D62004219DC /* New Icons */,
				D54D79A7199C582B005521E0 /* Audio */,
				B73789911807667A0076A88C /* Icons */,
				B737893A180761570076A88C /* Published-iOS */,
			);
			name = Resources;
			path = Source/Resources;
			sourceTree = "<group>";
		};
		B77F1CCF17B978D8009739AE /* Supporting Files */ = {
			isa = PBXGroup;
			children = (
				B73789851807631A0076A88C /* main.m */,
				B73789861807631A0076A88C /* Prefix.pch */,
			);
			name = "Supporting Files";
			sourceTree = "<group>";
		};
		D503C93D1988096200401C77 /* Singleton */ = {
			isa = PBXGroup;
			children = (
				D58407B71982F46200A18024 /* GameState.h */,
				D58407B81982F46200A18024 /* GameState.m */,
			);
			name = Singleton;
			sourceTree = "<group>";
		};
		D503C93F1988097500401C77 /* Gameplay Scenes */ = {
			isa = PBXGroup;
			children = (
				D55328A81992862900A23E48 /* OnePlayerScene.h */,
				D55328A91992862900A23E48 /* OnePlayerScene.m */,
				D5ED009119785A9C00A57786 /* EndlessScene.h */,
				D5ED009219785A9C00A57786 /* EndlessScene.m */,
			);
			name = "Gameplay Scenes";
			sourceTree = "<group>";
		};
		D52FC606198BE12400F534F8 /* Menus */ = {
			isa = PBXGroup;
			children = (
				D5D2F452199AD9FA006E063B /* CountDownTimer2.h */,
				D5D2F453199AD9FA006E063B /* CountDownTimer2.m */,
				D55328A61992861000A23E48 /* Unused */,
				D53063CE199132FC001E0E12 /* AnimatedMainScene.h */,
				D53063CF199132FC001E0E12 /* AnimatedMainScene.m */,
				D53063D219914C0B001E0E12 /* AnimatedCharacterSelectScene.h */,
				D53063D319914C0B001E0E12 /* AnimatedCharacterSelectScene.m */,
				D5A1F8AB19990CD60024DBAA /* TwoPlayerTutorial.h */,
				D5A1F8AC19990CD60024DBAA /* TwoPlayerTutorial.m */,
				D563F29D19997339000B8B22 /* TutorialPartTwo.h */,
				D563F29E19997339000B8B22 /* TutorialPartTwo.m */,
				D54B2879197F1ADF00D0580E /* GameOver.h */,
				D54B287A197F1ADF00D0580E /* GameOver.m */,
				D5A9E95019A246C300F89EA8 /* OnePlayerGameOver.h */,
				D5A9E95119A246C300F89EA8 /* OnePlayerGameOver.m */,
			);
			name = Menus;
			sourceTree = "<group>";
		};
		D54D79A7199C582B005521E0 /* Audio */ = {
			isa = PBXGroup;
			children = (
				D58DB1C0199DA28A004219DC /* Randomize7.mp3 */,
				D58DB1C1199DA28A004219DC /* Randomize12.mp3 */,
				D58DB1BA199D980C004219DC /* Randomize6.mp3 */,
				D54D79AB199C5891005521E0 /* Blip_Select46.mp3 */,
			);
			name = Audio;
			sourceTree = "<group>";
		};
		D55328A61992861000A23E48 /* Unused */ = {
			isa = PBXGroup;
			children = (
				B7378992180767190076A88C /* MainScene.h */,
				B7378993180767190076A88C /* MainScene.m */,
				D5A8C446197DCF8F0072F9A9 /* CharacterSelectScene.h */,
				D5A8C447197DCF8F0072F9A9 /* CharacterSelectScene.m */,
			);
			name = Unused;
			sourceTree = "<group>";
		};
		D58DB1A4199D4D62004219DC /* New Icons */ = {
			isa = PBXGroup;
			children = (
			);
			name = "New Icons";
			sourceTree = "<group>";
		};
/* End PBXGroup section */

/* Begin PBXNativeTarget section */
		B77F1B2D17B978D7009739AE /* PushPush */ = {
			isa = PBXNativeTarget;
			buildConfigurationList = B77F1CDE17B978D8009739AE /* Build configuration list for PBXNativeTarget "PushPush" */;
			buildPhases = (
				A22B81242F074F69962324FD /* Check Pods Manifest.lock */,
				D2E0167A18D782EC00927430 /* Run Script */,
				B77F1B2A17B978D7009739AE /* Sources */,
				B77F1B2B17B978D7009739AE /* Frameworks */,
				B77F1B2C17B978D7009739AE /* Resources */,
				0712653A053C4489AE68CED0 /* Copy Pods Resources */,
			);
			buildRules = (
			);
			dependencies = (
				B7378989180764180076A88C /* PBXTargetDependency */,
			);
			name = PushPush;
			productName = Example;
			productReference = B77F1B2E17B978D7009739AE /* PushPush.app */;
			productType = "com.apple.product-type.application";
		};
/* End PBXNativeTarget section */

/* Begin PBXProject section */
		B77F1B2617B978D7009739AE /* Project object */ = {
			isa = PBXProject;
			attributes = {
				LastUpgradeCheck = 0510;
				ORGANIZATIONNAME = Apportable;
				TargetAttributes = {
					B77F1B2D17B978D7009739AE = {
						DevelopmentTeam = 6TK8Q4KD6G;
						SystemCapabilities = {
							com.apple.GameCenter = {
								enabled = 0;
							};
						};
					};
				};
			};
			buildConfigurationList = B77F1B2917B978D7009739AE /* Build configuration list for PBXProject "PushPush" */;
			compatibilityVersion = "Xcode 3.2";
			developmentRegion = English;
			hasScannedForEncodings = 0;
			knownRegions = (
				en,
			);
			mainGroup = B77F1B2517B978D7009739AE;
			productRefGroup = B77F1B2F17B978D7009739AE /* Products */;
			projectDirPath = "";
			projectReferences = (
				{
					ProductGroup = B7378941180761A80076A88C /* Products */;
					ProjectRef = B7378940180761A80076A88C /* cocos2d-ios.xcodeproj */;
				},
			);
			projectRoot = "";
			targets = (
				B77F1B2D17B978D7009739AE /* PushPush */,
			);
		};
/* End PBXProject section */

/* Begin PBXReferenceProxy section */
		B737894B180761A90076A88C /* libcocos2d.a */ = {
			isa = PBXReferenceProxy;
			fileType = archive.ar;
			path = libcocos2d.a;
			remoteRef = B737894A180761A90076A88C /* PBXContainerItemProxy */;
			sourceTree = BUILT_PRODUCTS_DIR;
		};
/* End PBXReferenceProxy section */

/* Begin PBXResourcesBuildPhase section */
		B77F1B2C17B978D7009739AE /* Resources */ = {
			isa = PBXResourcesBuildPhase;
			buildActionMask = 2147483647;
			files = (
				D58DB1C2199DA28A004219DC /* Randomize7.mp3 in Resources */,
				D58DB1B7199D4D77004219DC /* Icon-Small@2x.png in Resources */,
				B71F5919188484E7003F4D28 /* Settings.png in Resources */,
				D58DB1B0199D4D77004219DC /* Icon-40.png in Resources */,
				B7378978180762440076A88C /* Default@2x.png in Resources */,
				B71F5914188484E7003F4D28 /* iPad@2x.png in Resources */,
				B71F5913188484E7003F4D28 /* iPad.png in Resources */,
				B71F5912188484E7003F4D28 /* iPad-old@2x.png in Resources */,
				D58DB1B4199D4D77004219DC /* Icon-76.png in Resources */,
				B71F5916188484E7003F4D28 /* iPhone-old@2x.png in Resources */,
				B737893B180761570076A88C /* Published-iOS in Resources */,
				D58DB1B2199D4D77004219DC /* Icon-60.png in Resources */,
				D58DB1B3199D4D77004219DC /* Icon-60@2x.png in Resources */,
				D58DB1C3199DA28A004219DC /* Randomize12.mp3 in Resources */,
				B71F591A188484E7003F4D28 /* Settings@2x.png in Resources */,
				D58DB1BB199D980C004219DC /* Randomize6.mp3 in Resources */,
				B7378976180762440076A88C /* Default-Landscape~ipad.png in Resources */,
				B71F5915188484E7003F4D28 /* iPhone-old.png in Resources */,
				B71F5917188484E7003F4D28 /* iPhone.png in Resources */,
				D58DB1B9199D4D77004219DC /* iTunesArtwork@2x.png in Resources */,
				D58DB1B1199D4D77004219DC /* Icon-40@2x.png in Resources */,
				B7378975180762440076A88C /* Default-568h@2x.png in Resources */,
				B71F5918188484E7003F4D28 /* iPhone@2x.png in Resources */,
				B7378977180762440076A88C /* Default.png in Resources */,
				D58DB1B6199D4D77004219DC /* Icon-Small.png in Resources */,
				D58DB1B8199D4D77004219DC /* iTunesArtwork.png in Resources */,
				D5AEFF50199ED20C00A5BD96 /* Images.xcassets in Resources */,
				D58DB1B5199D4D77004219DC /* Icon-76@2x.png in Resources */,
				B71F5911188484E7003F4D28 /* iPad-old.png in Resources */,
				D54D79AC199C5891005521E0 /* Blip_Select46.mp3 in Resources */,
				D58FD9461A730F1200AB70B6 /* Info.plist in Resources */,
			);
			runOnlyForDeploymentPostprocessing = 0;
		};
/* End PBXResourcesBuildPhase section */

/* Begin PBXShellScriptBuildPhase section */
		0712653A053C4489AE68CED0 /* Copy Pods Resources */ = {
			isa = PBXShellScriptBuildPhase;
			buildActionMask = 2147483647;
			files = (
			);
			inputPaths = (
			);
			name = "Copy Pods Resources";
			outputPaths = (
			);
			runOnlyForDeploymentPostprocessing = 0;
			shellPath = /bin/sh;
			shellScript = "\"${SRCROOT}/Pods/Pods-resources.sh\"\n";
			showEnvVarsInLog = 0;
		};
		A22B81242F074F69962324FD /* Check Pods Manifest.lock */ = {
			isa = PBXShellScriptBuildPhase;
			buildActionMask = 2147483647;
			files = (
			);
			inputPaths = (
			);
			name = "Check Pods Manifest.lock";
			outputPaths = (
			);
			runOnlyForDeploymentPostprocessing = 0;
			shellPath = /bin/sh;
			shellScript = "diff \"${PODS_ROOT}/../Podfile.lock\" \"${PODS_ROOT}/Manifest.lock\" > /dev/null\nif [[ $? != 0 ]] ; then\n    cat << EOM\nerror: The sandbox is not in sync with the Podfile.lock. Run 'pod install' or update your CocoaPods installation.\nEOM\n    exit 1\nfi\n";
			showEnvVarsInLog = 0;
		};
		D2E0167A18D782EC00927430 /* Run Script */ = {
			isa = PBXShellScriptBuildPhase;
			buildActionMask = 2147483647;
			files = (
			);
			inputPaths = (
			);
			name = "Run Script";
			outputPaths = (
			);
			runOnlyForDeploymentPostprocessing = 0;
			shellPath = /bin/sh;
			shellScript = "osascript -e 'tell application \"System Events\"' -e 'set ProcessList to name of every process' -e 'if \"SpriteBuilder\" is in ProcessList then' -e 'tell application \"SpriteBuilder\" to publish' -e 'end if' -e 'end tell'";
		};
/* End PBXShellScriptBuildPhase section */

/* Begin PBXSourcesBuildPhase section */
		B77F1B2A17B978D7009739AE /* Sources */ = {
			isa = PBXSourcesBuildPhase;
			buildActionMask = 2147483647;
			files = (
				B737893F1807617C0076A88C /* AppDelegate.m in Sources */,
				D5A9E95219A246C300F89EA8 /* OnePlayerGameOver.m in Sources */,
				D563F29F19997339000B8B22 /* TutorialPartTwo.m in Sources */,
				D58407B91982F46200A18024 /* GameState.m in Sources */,
				D55328AA1992862900A23E48 /* OnePlayerScene.m in Sources */,
				B7378994180767190076A88C /* MainScene.m in Sources */,
				D54B287B197F1ADF00D0580E /* GameOver.m in Sources */,
				D53063D419914C0B001E0E12 /* AnimatedCharacterSelectScene.m in Sources */,
				D5ED009319785A9C00A57786 /* EndlessScene.m in Sources */,
				D5D2F454199AD9FA006E063B /* CountDownTimer2.m in Sources */,
				D5A1F8AD19990CD60024DBAA /* TwoPlayerTutorial.m in Sources */,
				D5A8C448197DCF8F0072F9A9 /* CharacterSelectScene.m in Sources */,
				D53063D0199132FC001E0E12 /* AnimatedMainScene.m in Sources */,
				B73789871807631A0076A88C /* main.m in Sources */,
			);
			runOnlyForDeploymentPostprocessing = 0;
		};
/* End PBXSourcesBuildPhase section */

/* Begin PBXTargetDependency section */
		B7378989180764180076A88C /* PBXTargetDependency */ = {
			isa = PBXTargetDependency;
			name = cocos2d;
			targetProxy = B7378988180764180076A88C /* PBXContainerItemProxy */;
		};
/* End PBXTargetDependency section */

/* Begin XCBuildConfiguration section */
		B77F1CDC17B978D8009739AE /* Debug */ = {
			isa = XCBuildConfiguration;
			buildSettings = {
				CLANG_WARN_BOOL_CONVERSION = YES;
				CLANG_WARN_CONSTANT_CONVERSION = YES;
				CLANG_WARN_EMPTY_BODY = YES;
				CLANG_WARN_ENUM_CONVERSION = YES;
				CLANG_WARN_INT_CONVERSION = YES;
				CLANG_WARN__DUPLICATE_METHOD_MATCH = YES;
				CODE_SIGN_IDENTITY = "iPhone Distribution: Luke Solomon (6TK8Q4KD6G)";
				"CODE_SIGN_IDENTITY[sdk=iphoneos*]" = "iPhone Distribution: Luke Solomon (6TK8Q4KD6G)";
				GCC_C_LANGUAGE_STANDARD = gnu99;
				GCC_OPTIMIZATION_LEVEL = 0;
				GCC_PREPROCESSOR_DEFINITIONS = (
					DEBUG,
					"COCOS2D_DEBUG=1",
				);
				GCC_SYMBOLS_PRIVATE_EXTERN = YES;
				GCC_VERSION = "";
				GCC_WARN_64_TO_32_BIT_CONVERSION = YES;
				GCC_WARN_ABOUT_RETURN_TYPE = YES;
				GCC_WARN_UNDECLARED_SELECTOR = YES;
				GCC_WARN_UNINITIALIZED_AUTOS = YES;
				GCC_WARN_UNUSED_FUNCTION = YES;
				GCC_WARN_UNUSED_VARIABLE = YES;
				IPHONEOS_DEPLOYMENT_TARGET = 7.0;
				ONLY_ACTIVE_ARCH = YES;
				SDKROOT = iphoneos;
				TARGETED_DEVICE_FAMILY = "1,2";
			};
			name = Debug;
		};
		B77F1CDD17B978D8009739AE /* Release */ = {
			isa = XCBuildConfiguration;
			buildSettings = {
				CLANG_WARN_BOOL_CONVERSION = YES;
				CLANG_WARN_CONSTANT_CONVERSION = YES;
				CLANG_WARN_EMPTY_BODY = YES;
				CLANG_WARN_ENUM_CONVERSION = YES;
				CLANG_WARN_INT_CONVERSION = YES;
				CLANG_WARN__DUPLICATE_METHOD_MATCH = YES;
				CODE_SIGN_IDENTITY = "iPhone Distribution: Luke Solomon (6TK8Q4KD6G)";
				"CODE_SIGN_IDENTITY[sdk=iphoneos*]" = "iPhone Distribution: Luke Solomon (6TK8Q4KD6G)";
				GCC_C_LANGUAGE_STANDARD = gnu99;
				GCC_PREPROCESSOR_DEFINITIONS = (
					NDEBUG,
					"NS_BLOCK_ASSERTIONS=1",
				);
				GCC_SYMBOLS_PRIVATE_EXTERN = YES;
				GCC_VERSION = "";
				GCC_WARN_64_TO_32_BIT_CONVERSION = YES;
				GCC_WARN_ABOUT_RETURN_TYPE = YES;
				GCC_WARN_UNDECLARED_SELECTOR = YES;
				GCC_WARN_UNINITIALIZED_AUTOS = YES;
				GCC_WARN_UNUSED_FUNCTION = YES;
				GCC_WARN_UNUSED_VARIABLE = YES;
				IPHONEOS_DEPLOYMENT_TARGET = 7.0;
				SDKROOT = iphoneos;
				TARGETED_DEVICE_FAMILY = "1,2";
			};
			name = Release;
		};
		B77F1CDF17B978D8009739AE /* Debug */ = {
			isa = XCBuildConfiguration;
			baseConfigurationReference = D31CEF859C2046E797578B43 /* Pods.xcconfig */;
			buildSettings = {
				ALWAYS_SEARCH_USER_PATHS = NO;
				ASSETCATALOG_COMPILER_APPICON_NAME = AppIcon;
				ASSETCATALOG_COMPILER_LAUNCHIMAGE_NAME = LaunchImage;
				CLANG_ENABLE_OBJC_ARC = YES;
				CODE_SIGN_IDENTITY = "iPhone Developer";
				"CODE_SIGN_IDENTITY[sdk=iphoneos*]" = "iPhone Developer";
				COPY_PHASE_STRIP = YES;
				FRAMEWORK_SEARCH_PATHS = (
					"$(inherited)",
					/Users/lukesolomon/mgwuSDK/mgwuSDK.embeddedframework,
					"$(PROJECT_DIR)/mgwuSDK.embeddedframework",
					/Users/lukesolomon/Desktop/mgwuSDK/mgwuSDK.embeddedframework,
					"$(PROJECT_DIR)",
				);
				GCC_DYNAMIC_NO_PIC = NO;
				GCC_PRECOMPILE_PREFIX_HEADER = YES;
				GCC_PREFIX_HEADER = Source/Prefix.pch;
				HEADER_SEARCH_PATHS = (
					"\"Source/libs/cocos2d-iphone/external/kazmath/include\"/**",
					"\"Source/libs/cocos2d-iphone/cocos2d\"/**",
					"Source/libs/cocos2d-iphone/external/Chipmunk/objectivec/include",
					"Source/libs/cocos2d-iphone/external/Chipmunk/include",
					"\"Source/libs/cocos2d-iphone/cocos2d-ui\"/**",
					"\"Source/libs/cocos2d-iphone/external/ObjectAL\"/**",
				);
				INFOPLIST_FILE = Source/Resources/Info.plist;
				IPHONEOS_DEPLOYMENT_TARGET = 6.0;
				LIBRARY_SEARCH_PATHS = (
					"$(inherited)",
					/Users/lukesolomon/Desktop/mgwuSDK/mgwuSDK.embeddedframework/mgwuSDK.framework,
				);
				ONLY_ACTIVE_ARCH = YES;
				OTHER_LDFLAGS = (
					"-lz",
					"-lsqlite3",
					"-ObjC",
				);
				PRODUCT_NAME = PushPush;
				PROVISIONING_PROFILE = "";
				VALIDATE_PRODUCT = YES;
				WRAPPER_EXTENSION = app;
			};
			name = Debug;
		};
		B77F1CE017B978D8009739AE /* Release */ = {
			isa = XCBuildConfiguration;
			baseConfigurationReference = D31CEF859C2046E797578B43 /* Pods.xcconfig */;
			buildSettings = {
				ALWAYS_SEARCH_USER_PATHS = NO;
				ASSETCATALOG_COMPILER_APPICON_NAME = AppIcon;
				ASSETCATALOG_COMPILER_LAUNCHIMAGE_NAME = LaunchImage;
				CLANG_ENABLE_OBJC_ARC = YES;
				CODE_SIGN_IDENTITY = "iPhone Developer";
				"CODE_SIGN_IDENTITY[sdk=*]" = "iPhone Distribution";
				"CODE_SIGN_IDENTITY[sdk=iphoneos*]" = "iPhone Developer";
				COPY_PHASE_STRIP = YES;
				FRAMEWORK_SEARCH_PATHS = (
					"$(inherited)",
					/Users/lukesolomon/mgwuSDK/mgwuSDK.embeddedframework,
					"$(PROJECT_DIR)/mgwuSDK.embeddedframework",
					/Users/lukesolomon/Desktop/mgwuSDK/mgwuSDK.embeddedframework,
					"$(PROJECT_DIR)",
				);
				GCC_PRECOMPILE_PREFIX_HEADER = YES;
				GCC_PREFIX_HEADER = Source/Prefix.pch;
				HEADER_SEARCH_PATHS = (
					"\"Source/libs/cocos2d-iphone/external/kazmath/include\"/**",
					"\"Source/libs/cocos2d-iphone/cocos2d\"/**",
					"Source/libs/cocos2d-iphone/external/Chipmunk/objectivec/include",
					"Source/libs/cocos2d-iphone/external/Chipmunk/include",
					"\"Source/libs/cocos2d-iphone/cocos2d-ui\"/**",
					"\"Source/libs/cocos2d-iphone/external/ObjectAL\"/**",
				);
				INFOPLIST_FILE = Source/Resources/Info.plist;
				IPHONEOS_DEPLOYMENT_TARGET = 6.0;
				LIBRARY_SEARCH_PATHS = (
					"$(inherited)",
					/Users/lukesolomon/Desktop/mgwuSDK/mgwuSDK.embeddedframework/mgwuSDK.framework,
				);
				ONLY_ACTIVE_ARCH = YES;
				OTHER_LDFLAGS = (
					"-lz",
					"-lsqlite3",
					"-ObjC",
				);
				PRODUCT_NAME = PushPush;
				PROVISIONING_PROFILE = "";
				VALIDATE_PRODUCT = YES;
				WRAPPER_EXTENSION = app;
			};
			name = Release;
		};
/* End XCBuildConfiguration section */

/* Begin XCConfigurationList section */
		B77F1B2917B978D7009739AE /* Build configuration list for PBXProject "PushPush" */ = {
			isa = XCConfigurationList;
			buildConfigurations = (
				B77F1CDC17B978D8009739AE /* Debug */,
				B77F1CDD17B978D8009739AE /* Release */,
			);
			defaultConfigurationIsVisible = 0;
			defaultConfigurationName = Release;
		};
		B77F1CDE17B978D8009739AE /* Build configuration list for PBXNativeTarget "PushPush" */ = {
			isa = XCConfigurationList;
			buildConfigurations = (
				B77F1CDF17B978D8009739AE /* Debug */,
				B77F1CE017B978D8009739AE /* Release */,
			);
			defaultConfigurationIsVisible = 0;
			defaultConfigurationName = Release;
		};
/* End XCConfigurationList section */
	};
	rootObject = B77F1B2617B978D7009739AE /* Project object */;
}
